
Microsoft Visual Studio Solution File, Format Version 10.00
# Visual Studio 2008
Project("{8BC9CEB8-8B4A-11D0-8D11-00A0C91BC942}") = "判断字符串是否对称", "判断字符串是否对称\判断字符串是否对称.vcproj", "{C5E30E7D-BC41-4486-880B-A97B3C32EB9A}"
EndProject
Global
	GlobalSection(SolutionConfigurationPlatforms) = preSolution
		Debug|Win32 = Debug|Win32
		Release|Win32 = Release|Win32
	EndGlobalSection
	GlobalSection(ProjectConfigurationPlatforms) = postSolution
		{C5E30E7D-BC41-4486-880B-A97B3C32EB9A}.Debug|Win32.ActiveCfg = Debug|Win32
		{C5E30E7D-BC41-4486-880B-A97B3C32EB9A}.Debug|Win32.Build.0 = Debug|Win32
		{C5E30E7D-BC41-4486-880B-A97B3C32EB9A}.Release|Win32.ActiveCfg = Release|Win32
		{C5E30E7D-BC41-4486-880B-A97B3C32EB9A}.Release|Win32.Build.0 = Release|Win32
	EndGlobalSection
	GlobalSection(SolutionProperties) = preSolution
		HideSolutionNode = FALSE
	EndGlobalSection
EndGlobal
