
Microsoft Visual Studio Solution File, Format Version 10.00
# Visual Studio 2008
Project("{8BC9CEB8-8B4A-11D0-8D11-00A0C91BC942}") = "矩阵相乘", "矩阵相乘\矩阵相乘.vcproj", "{D6832A39-9630-4B02-870F-EA4C654F9E29}"
EndProject
Global
	GlobalSection(SolutionConfigurationPlatforms) = preSolution
		Debug|Win32 = Debug|Win32
		Release|Win32 = Release|Win32
	EndGlobalSection
	GlobalSection(ProjectConfigurationPlatforms) = postSolution
		{D6832A39-9630-4B02-870F-EA4C654F9E29}.Debug|Win32.ActiveCfg = Debug|Win32
		{D6832A39-9630-4B02-870F-EA4C654F9E29}.Debug|Win32.Build.0 = Debug|Win32
		{D6832A39-9630-4B02-870F-EA4C654F9E29}.Release|Win32.ActiveCfg = Release|Win32
		{D6832A39-9630-4B02-870F-EA4C654F9E29}.Release|Win32.Build.0 = Release|Win32
	EndGlobalSection
	GlobalSection(SolutionProperties) = preSolution
		HideSolutionNode = FALSE
	EndGlobalSection
EndGlobal
