
Microsoft Visual Studio Solution File, Format Version 11.00
# Visual Studio 2010
Project("{8BC9CEB8-8B4A-11D0-8D11-00A0C91BC942}") = "约瑟夫环", "约瑟夫环\约瑟夫环.vcxproj", "{B5BBA061-6307-4FBE-92E3-ED7F8576E7FF}"
EndProject
Global
	GlobalSection(SolutionConfigurationPlatforms) = preSolution
		Debug|Win32 = Debug|Win32
		Release|Win32 = Release|Win32
	EndGlobalSection
	GlobalSection(ProjectConfigurationPlatforms) = postSolution
		{B5BBA061-6307-4FBE-92E3-ED7F8576E7FF}.Debug|Win32.ActiveCfg = Debug|Win32
		{B5BBA061-6307-4FBE-92E3-ED7F8576E7FF}.Debug|Win32.Build.0 = Debug|Win32
		{B5BBA061-6307-4FBE-92E3-ED7F8576E7FF}.Release|Win32.ActiveCfg = Release|Win32
		{B5BBA061-6307-4FBE-92E3-ED7F8576E7FF}.Release|Win32.Build.0 = Release|Win32
	EndGlobalSection
	GlobalSection(SolutionProperties) = preSolution
		HideSolutionNode = FALSE
	EndGlobalSection
EndGlobal
