
Microsoft Visual Studio Solution File, Format Version 10.00
# Visual Studio 2008
Project("{8BC9CEB8-8B4A-11D0-8D11-00A0C91BC942}") = "函数计算", "函数计算\函数计算.vcproj", "{C7D45231-2587-4B19-8DE6-F61B458E5CA4}"
EndProject
Global
	GlobalSection(SolutionConfigurationPlatforms) = preSolution
		Debug|Win32 = Debug|Win32
		Release|Win32 = Release|Win32
	EndGlobalSection
	GlobalSection(ProjectConfigurationPlatforms) = postSolution
		{C7D45231-2587-4B19-8DE6-F61B458E5CA4}.Debug|Win32.ActiveCfg = Debug|Win32
		{C7D45231-2587-4B19-8DE6-F61B458E5CA4}.Debug|Win32.Build.0 = Debug|Win32
		{C7D45231-2587-4B19-8DE6-F61B458E5CA4}.Release|Win32.ActiveCfg = Release|Win32
		{C7D45231-2587-4B19-8DE6-F61B458E5CA4}.Release|Win32.Build.0 = Release|Win32
	EndGlobalSection
	GlobalSection(SolutionProperties) = preSolution
		HideSolutionNode = FALSE
	EndGlobalSection
EndGlobal
