
Microsoft Visual Studio Solution File, Format Version 11.00
# Visual Studio 2010
Project("{FAE04EC0-301F-11D3-BF4B-00C04F79EFBC}") = "围棋", "围棋\围棋.csproj", "{6EEA224E-C7E6-4715-B0A5-EB480FC01A89}"
EndProject
Global
	GlobalSection(SolutionConfigurationPlatforms) = preSolution
		Debug|x86 = Debug|x86
		Release|x86 = Release|x86
	EndGlobalSection
	GlobalSection(ProjectConfigurationPlatforms) = postSolution
		{6EEA224E-C7E6-4715-B0A5-EB480FC01A89}.Debug|x86.ActiveCfg = Debug|x86
		{6EEA224E-C7E6-4715-B0A5-EB480FC01A89}.Debug|x86.Build.0 = Debug|x86
		{6EEA224E-C7E6-4715-B0A5-EB480FC01A89}.Release|x86.ActiveCfg = Release|x86
		{6EEA224E-C7E6-4715-B0A5-EB480FC01A89}.Release|x86.Build.0 = Release|x86
	EndGlobalSection
	GlobalSection(SolutionProperties) = preSolution
		HideSolutionNode = FALSE
	EndGlobalSection
EndGlobal
